
Microsoft Visual Studio Solution File, Format Version 11.00
# Visual Studio 2010
Project("{FAE04EC0-301F-11D3-BF4B-00C04F79EFBC}") = "shooterTest0", "Assembly-CSharp.csproj", "{34D52AB7-490D-CA6A-58E8-9332E4FFC7DE}"
EndProject
Project("{FAE04EC0-301F-11D3-BF4B-00C04F79EFBC}") = "shooterTest0", "Assembly-CSharp-Editor.csproj", "{583722E3-483B-B57B-DCB2-1119AD68937D}"
EndProject
Global
	GlobalSection(SolutionConfigurationPlatforms) = preSolution
		Debug|Any CPU = Debug|Any CPU
		Release|Any CPU = Release|Any CPU
	EndGlobalSection
	GlobalSection(ProjectConfigurationPlatforms) = postSolution
		{34D52AB7-490D-CA6A-58E8-9332E4FFC7DE}.Debug|Any CPU.ActiveCfg = Debug|Any CPU
		{34D52AB7-490D-CA6A-58E8-9332E4FFC7DE}.Debug|Any CPU.Build.0 = Debug|Any CPU
		{34D52AB7-490D-CA6A-58E8-9332E4FFC7DE}.Release|Any CPU.ActiveCfg = Release|Any CPU
		{34D52AB7-490D-CA6A-58E8-9332E4FFC7DE}.Release|Any CPU.Build.0 = Release|Any CPU
		{583722E3-483B-B57B-DCB2-1119AD68937D}.Debug|Any CPU.ActiveCfg = Debug|Any CPU
		{583722E3-483B-B57B-DCB2-1119AD68937D}.Debug|Any CPU.Build.0 = Debug|Any CPU
		{583722E3-483B-B57B-DCB2-1119AD68937D}.Release|Any CPU.ActiveCfg = Release|Any CPU
		{583722E3-483B-B57B-DCB2-1119AD68937D}.Release|Any CPU.Build.0 = Release|Any CPU
	EndGlobalSection
	GlobalSection(SolutionProperties) = preSolution
		HideSolutionNode = FALSE
	EndGlobalSection
	GlobalSection(MonoDevelopProperties) = preSolution
		StartupItem = Assembly-CSharp.csproj
	EndGlobalSection
EndGlobal
