
Microsoft Visual Studio Solution File, Format Version 12.00
# Visual Studio 2017
Project("{FAE04EC0-301F-11D3-BF4B-00C04F79EFBC}") = "shooterTest0", "shooterTest0.csproj", "{C1FC6589-C3CA-963A-AF0E-11854B500F25}"
EndProject
Project("{FAE04EC0-301F-11D3-BF4B-00C04F79EFBC}") = "shooterTest0.Editor", "shooterTest0.Editor.csproj", "{DF149C10-9D07-2224-E0F8-22A2B82C4B9E}"
EndProject
Global
	GlobalSection(SolutionConfigurationPlatforms) = preSolution
		Debug|Any CPU = Debug|Any CPU
		Release|Any CPU = Release|Any CPU
	EndGlobalSection
	GlobalSection(ProjectConfigurationPlatforms) = postSolution
		{C1FC6589-C3CA-963A-AF0E-11854B500F25}.Debug|Any CPU.ActiveCfg = Debug|Any CPU
		{C1FC6589-C3CA-963A-AF0E-11854B500F25}.Debug|Any CPU.Build.0 = Debug|Any CPU
		{C1FC6589-C3CA-963A-AF0E-11854B500F25}.Release|Any CPU.ActiveCfg = Release|Any CPU
		{C1FC6589-C3CA-963A-AF0E-11854B500F25}.Release|Any CPU.Build.0 = Release|Any CPU
		{DF149C10-9D07-2224-E0F8-22A2B82C4B9E}.Debug|Any CPU.ActiveCfg = Debug|Any CPU
		{DF149C10-9D07-2224-E0F8-22A2B82C4B9E}.Debug|Any CPU.Build.0 = Debug|Any CPU
		{DF149C10-9D07-2224-E0F8-22A2B82C4B9E}.Release|Any CPU.ActiveCfg = Release|Any CPU
		{DF149C10-9D07-2224-E0F8-22A2B82C4B9E}.Release|Any CPU.Build.0 = Release|Any CPU
	EndGlobalSection
	GlobalSection(SolutionProperties) = preSolution
		HideSolutionNode = FALSE
	EndGlobalSection
EndGlobal
